
Microsoft Visual Studio Solution File, Format Version 12.00
# Visual Studio 2012
Project("{FAE04EC0-301F-11D3-BF4B-00C04F79EFBC}") = "ArtyCalc", "ArtyCalc\ArtyCalc.csproj", "{E99366E1-47DC-4E82-9D36-C1F9D73184D9}"
EndProject
Project("{FAE04EC0-301F-11D3-BF4B-00C04F79EFBC}") = "DataBindingLab", "..\DataBindingLab\DataBindingLab.csproj", "{6AFEA501-7402-47C4-805D-060448961C78}"
EndProject
Project("{F2A71F9B-5D33-465A-A702-920D77279786}") = "ArtyLib", "ArtyLib\ArtyLib.fsproj", "{AAC1BFD7-F3BC-472D-B023-659DF7B1319B}"
EndProject
Project("{FAE04EC0-301F-11D3-BF4B-00C04F79EFBC}") = "GeometryLib", "GeometryLib\GeometryLib.csproj", "{44FB93F6-CE7E-4CB6-AC09-5CF46E91485A}"
EndProject
Global
	GlobalSection(SolutionConfigurationPlatforms) = preSolution
		Debug|Any CPU = Debug|Any CPU
		Debug|Mixed Platforms = Debug|Mixed Platforms
		Debug|x86 = Debug|x86
		Release|Any CPU = Release|Any CPU
		Release|Mixed Platforms = Release|Mixed Platforms
		Release|x86 = Release|x86
	EndGlobalSection
	GlobalSection(ProjectConfigurationPlatforms) = postSolution
		{E99366E1-47DC-4E82-9D36-C1F9D73184D9}.Debug|Any CPU.ActiveCfg = Debug|x86
		{E99366E1-47DC-4E82-9D36-C1F9D73184D9}.Debug|Mixed Platforms.ActiveCfg = Debug|x86
		{E99366E1-47DC-4E82-9D36-C1F9D73184D9}.Debug|Mixed Platforms.Build.0 = Debug|x86
		{E99366E1-47DC-4E82-9D36-C1F9D73184D9}.Debug|x86.ActiveCfg = Debug|x86
		{E99366E1-47DC-4E82-9D36-C1F9D73184D9}.Debug|x86.Build.0 = Debug|x86
		{E99366E1-47DC-4E82-9D36-C1F9D73184D9}.Release|Any CPU.ActiveCfg = Release|x86
		{E99366E1-47DC-4E82-9D36-C1F9D73184D9}.Release|Mixed Platforms.ActiveCfg = Release|x86
		{E99366E1-47DC-4E82-9D36-C1F9D73184D9}.Release|Mixed Platforms.Build.0 = Release|x86
		{E99366E1-47DC-4E82-9D36-C1F9D73184D9}.Release|x86.ActiveCfg = Release|x86
		{E99366E1-47DC-4E82-9D36-C1F9D73184D9}.Release|x86.Build.0 = Release|x86
		{6AFEA501-7402-47C4-805D-060448961C78}.Debug|Any CPU.ActiveCfg = Debug|Any CPU
		{6AFEA501-7402-47C4-805D-060448961C78}.Debug|Any CPU.Build.0 = Debug|Any CPU
		{6AFEA501-7402-47C4-805D-060448961C78}.Debug|Mixed Platforms.ActiveCfg = Debug|Any CPU
		{6AFEA501-7402-47C4-805D-060448961C78}.Debug|Mixed Platforms.Build.0 = Debug|Any CPU
		{6AFEA501-7402-47C4-805D-060448961C78}.Debug|x86.ActiveCfg = Debug|Any CPU
		{6AFEA501-7402-47C4-805D-060448961C78}.Release|Any CPU.ActiveCfg = Release|Any CPU
		{6AFEA501-7402-47C4-805D-060448961C78}.Release|Any CPU.Build.0 = Release|Any CPU
		{6AFEA501-7402-47C4-805D-060448961C78}.Release|Mixed Platforms.ActiveCfg = Release|Any CPU
		{6AFEA501-7402-47C4-805D-060448961C78}.Release|Mixed Platforms.Build.0 = Release|Any CPU
		{6AFEA501-7402-47C4-805D-060448961C78}.Release|x86.ActiveCfg = Release|Any CPU
		{AAC1BFD7-F3BC-472D-B023-659DF7B1319B}.Debug|Any CPU.ActiveCfg = Debug|Any CPU
		{AAC1BFD7-F3BC-472D-B023-659DF7B1319B}.Debug|Any CPU.Build.0 = Debug|Any CPU
		{AAC1BFD7-F3BC-472D-B023-659DF7B1319B}.Debug|Mixed Platforms.ActiveCfg = Debug|Any CPU
		{AAC1BFD7-F3BC-472D-B023-659DF7B1319B}.Debug|Mixed Platforms.Build.0 = Debug|Any CPU
		{AAC1BFD7-F3BC-472D-B023-659DF7B1319B}.Debug|x86.ActiveCfg = Debug|x86
		{AAC1BFD7-F3BC-472D-B023-659DF7B1319B}.Debug|x86.Build.0 = Debug|x86
		{AAC1BFD7-F3BC-472D-B023-659DF7B1319B}.Release|Any CPU.ActiveCfg = Release|Any CPU
		{AAC1BFD7-F3BC-472D-B023-659DF7B1319B}.Release|Any CPU.Build.0 = Release|Any CPU
		{AAC1BFD7-F3BC-472D-B023-659DF7B1319B}.Release|Mixed Platforms.ActiveCfg = Release|Any CPU
		{AAC1BFD7-F3BC-472D-B023-659DF7B1319B}.Release|Mixed Platforms.Build.0 = Release|Any CPU
		{AAC1BFD7-F3BC-472D-B023-659DF7B1319B}.Release|x86.ActiveCfg = Release|x86
		{44FB93F6-CE7E-4CB6-AC09-5CF46E91485A}.Debug|Any CPU.ActiveCfg = Debug|Any CPU
		{44FB93F6-CE7E-4CB6-AC09-5CF46E91485A}.Debug|Any CPU.Build.0 = Debug|Any CPU
		{44FB93F6-CE7E-4CB6-AC09-5CF46E91485A}.Debug|Mixed Platforms.ActiveCfg = Debug|Any CPU
		{44FB93F6-CE7E-4CB6-AC09-5CF46E91485A}.Debug|Mixed Platforms.Build.0 = Debug|Any CPU
		{44FB93F6-CE7E-4CB6-AC09-5CF46E91485A}.Debug|x86.ActiveCfg = Debug|x86
		{44FB93F6-CE7E-4CB6-AC09-5CF46E91485A}.Debug|x86.Build.0 = Debug|x86
		{44FB93F6-CE7E-4CB6-AC09-5CF46E91485A}.Release|Any CPU.ActiveCfg = Release|Any CPU
		{44FB93F6-CE7E-4CB6-AC09-5CF46E91485A}.Release|Any CPU.Build.0 = Release|Any CPU
		{44FB93F6-CE7E-4CB6-AC09-5CF46E91485A}.Release|Mixed Platforms.ActiveCfg = Release|Any CPU
		{44FB93F6-CE7E-4CB6-AC09-5CF46E91485A}.Release|Mixed Platforms.Build.0 = Release|Any CPU
		{44FB93F6-CE7E-4CB6-AC09-5CF46E91485A}.Release|x86.ActiveCfg = Release|x86
		{44FB93F6-CE7E-4CB6-AC09-5CF46E91485A}.Release|x86.Build.0 = Release|x86
	EndGlobalSection
	GlobalSection(SolutionProperties) = preSolution
		HideSolutionNode = FALSE
	EndGlobalSection
EndGlobal
